
Microsoft Visual Studio Solution File, Format Version 12.00
# Visual Studio Version 16
VisualStudioVersion = 16.0.30907.101
MinimumVisualStudioVersion = 10.0.40219.1
Project("{9A19103F-16F7-4668-BE54-9A1E7A4F7556}") = "ExchangeRate", "ExchangeRate\ExchangeRate.csproj", "{DEF81BAC-CEB3-45CF-B946-08DDDB534B24}"
EndProject
Project("{FAE04EC0-301F-11D3-BF4B-00C04F79EFBC}") = "ExchangeRateTest", "ExchangeRateTest\ExchangeRateTest.csproj", "{571BAD1B-AFFD-4F16-BF0F-081CB270CD20}"
EndProject
Global
	GlobalSection(SolutionConfigurationPlatforms) = preSolution
		Debug|Any CPU = Debug|Any CPU
		Release|Any CPU = Release|Any CPU
	EndGlobalSection
	GlobalSection(ProjectConfigurationPlatforms) = postSolution
		{DEF81BAC-CEB3-45CF-B946-08DDDB534B24}.Debug|Any CPU.ActiveCfg = Debug|Any CPU
		{DEF81BAC-CEB3-45CF-B946-08DDDB534B24}.Debug|Any CPU.Build.0 = Debug|Any CPU
		{DEF81BAC-CEB3-45CF-B946-08DDDB534B24}.Release|Any CPU.ActiveCfg = Release|Any CPU
		{DEF81BAC-CEB3-45CF-B946-08DDDB534B24}.Release|Any CPU.Build.0 = Release|Any CPU
		{571BAD1B-AFFD-4F16-BF0F-081CB270CD20}.Debug|Any CPU.ActiveCfg = Debug|Any CPU
		{571BAD1B-AFFD-4F16-BF0F-081CB270CD20}.Debug|Any CPU.Build.0 = Debug|Any CPU
		{571BAD1B-AFFD-4F16-BF0F-081CB270CD20}.Release|Any CPU.ActiveCfg = Release|Any CPU
		{571BAD1B-AFFD-4F16-BF0F-081CB270CD20}.Release|Any CPU.Build.0 = Release|Any CPU
	EndGlobalSection
	GlobalSection(SolutionProperties) = preSolution
		HideSolutionNode = FALSE
	EndGlobalSection
	GlobalSection(ExtensibilityGlobals) = postSolution
		SolutionGuid = {42E8767E-7BEB-4DA1-9B4B-1BFACE1DBF66}
	EndGlobalSection
EndGlobal
